<?xml version="1.0" encoding="utf-8"?>
<Project ToolsVersion="4.0" xmlns="http://schemas.microsoft.com/developer/msbuild/2003">
  <ItemGroup>
    <Filter Include="Source Files">
      <UniqueIdentifier>{4FC737F1-C7A5-4376-A066-2A32D752A2FF}</UniqueIdentifier>
      <Extensions>cpp;c;cc;cxx;def;odl;idl;hpj;bat;asm;asmx</Extensions>
    </Filter>
    <Filter Include="Header Files">
      <UniqueIdentifier>{93995380-89BD-4b04-88EB-625FBE52EBFB}</UniqueIdentifier>
      <Extensions>h;hh;hpp;hxx;hm;inl;inc;xsd</Extensions>
    </Filter>
    <Filter Include="Resource Files">
      <UniqueIdentifier>{67DA6AB6-F800-4c08-8B7A-83BB121AAD01}</UniqueIdentifier>
      <Extensions>rc;ico;cur;bmp;dlg;rc2;rct;bin;rgs;gif;jpg;jpeg;jpe;resx;tiff;tif;png;wav;mfcribbon-ms</Extensions>
    </Filter>
  </ItemGroup>
  <ItemGroup>
    <ClCompile Include="main.cpp">
      <Filter>Source Files</Filter>
    </ClCompile>
    <ClCompile Include="analyzePoints.cpp">
      <Filter>Source Files</Filter>
    </ClCompile>
    <ClCompile Include="thresholdImage.cpp">
      <Filter>Source Files</Filter>
    </ClCompile>
    <ClCompile Include="parseImageInput.cpp">
      <Filter>Source Files</Filter>
    </ClCompile>
    <ClCompile Include="parseVideoInput.cpp">
      <Filter>Source Files</Filter>
    </ClCompile>
    <ClCompile Include="pointMath.cpp">
      <Filter>Source Files</Filter>
    </ClCompile>
    <ClCompile Include="displayMats.cpp">
      <Filter>Source Files</Filter>
    </ClCompile>
    <ClCompile Include="colorspaceCvt.cpp">
      <Filter>Source Files</Filter>
    </ClCompile>
  </ItemGroup>
  <ItemGroup>
    <ClInclude Include="analyzePoints.h">
      <Filter>Source Files</Filter>
    </ClInclude>
    <ClInclude Include="thresholdImage.h">
      <Filter>Source Files</Filter>
    </ClInclude>
    <ClInclude Include="parseVideoInput.h">
      <Filter>Source Files</Filter>
    </ClInclude>
    <ClInclude Include="parseImageInput.h">
      <Filter>Source Files</Filter>
    </ClInclude>
    <ClInclude Include="pointMath.h">
      <Filter>Header Files</Filter>
    </ClInclude>
    <ClInclude Include="displayMats.h">
      <Filter>Header Files</Filter>
    </ClInclude>
    <ClInclude Include="colorspaceCvt.h">
      <Filter>Header Files</Filter>
    </ClInclude>
  </ItemGroup>
</Project>